
Microsoft Visual Studio Solution File, Format Version 12.00
# Visual Studio Version 17
VisualStudioVersion = 17.13.35806.99
MinimumVisualStudioVersion = 10.0.40219.1
Project("{FAE04EC0-301F-11D3-BF4B-00C04F79EFBC}") = "TestLib", "TestLib\TestLib.csproj", "{C4B8AB30-D899-4054-A869-CD091C77A49B}"
EndProject
Global
	GlobalSection(SolutionConfigurationPlatforms) = preSolution
		Debug|Any CPU = Debug|Any CPU
		Release|Any CPU = Release|Any CPU
	EndGlobalSection
	GlobalSection(ProjectConfigurationPlatforms) = postSolution
		{C4B8AB30-D899-4054-A869-CD091C77A49B}.Debug|Any CPU.ActiveCfg = Debug|Any CPU
		{C4B8AB30-D899-4054-A869-CD091C77A49B}.Debug|Any CPU.Build.0 = Debug|Any CPU
		{C4B8AB30-D899-4054-A869-CD091C77A49B}.Release|Any CPU.ActiveCfg = Release|Any CPU
		{C4B8AB30-D899-4054-A869-CD091C77A49B}.Release|Any CPU.Build.0 = Release|Any CPU
	EndGlobalSection
	GlobalSection(SolutionProperties) = preSolution
		HideSolutionNode = FALSE
	EndGlobalSection
	GlobalSection(ExtensibilityGlobals) = postSolution
		SolutionGuid = {E7429F7C-F3CC-496A-A1FF-688F4A1028F5}
	EndGlobalSection
EndGlobal
