
Microsoft Visual Studio Solution File, Format Version 12.00
# Visual Studio Version 17
VisualStudioVersion = 17.13.35806.99 d17.13
MinimumVisualStudioVersion = 10.0.40219.1
Project("{FAE04EC0-301F-11D3-BF4B-00C04F79EFBC}") = "DisplayNums", "DisplayNums\DisplayNums.csproj", "{8F083D54-B762-4B3A-B8D1-31E0A59276D9}"
EndProject
Global
	GlobalSection(SolutionConfigurationPlatforms) = preSolution
		Debug|Any CPU = Debug|Any CPU
		Release|Any CPU = Release|Any CPU
	EndGlobalSection
	GlobalSection(ProjectConfigurationPlatforms) = postSolution
		{8F083D54-B762-4B3A-B8D1-31E0A59276D9}.Debug|Any CPU.ActiveCfg = Debug|Any CPU
		{8F083D54-B762-4B3A-B8D1-31E0A59276D9}.Debug|Any CPU.Build.0 = Debug|Any CPU
		{8F083D54-B762-4B3A-B8D1-31E0A59276D9}.Release|Any CPU.ActiveCfg = Release|Any CPU
		{8F083D54-B762-4B3A-B8D1-31E0A59276D9}.Release|Any CPU.Build.0 = Release|Any CPU
	EndGlobalSection
	GlobalSection(SolutionProperties) = preSolution
		HideSolutionNode = FALSE
	EndGlobalSection
	GlobalSection(ExtensibilityGlobals) = postSolution
		SolutionGuid = {1413E390-806E-4544-96DD-0F93470134BE}
	EndGlobalSection
EndGlobal
